{
    "requires": true,
    "lockfileVersion": 1,
    "dependencies": {
        "@types/node": {
            "version": "10.5.8",
            "resolved": "https://registry.npmjs.org/@types/node/-/node-10.5.8.tgz",
            "integrity": "sha512-sWSjw+bYW/2W+1V3m8tVsm9PKJcxk3NHN7oRqNUfEdofKg0Imbdu1dQbFvLKjZQXEDXRN6IfSMACjJ7Wv4NGCQ==",
            "dev": true
        },
        "parse-cc-cedict": {
            "version": "2.1.0",
            "resolved": "https://registry.npmjs.org/parse-cc-cedict/-/parse-cc-cedict-2.1.0.tgz",
            "integrity": "sha512-ob3V8qXwWpT7iamV7fYjRzwoWWBp8Jc3WtUqyCrQzcDtapoCovMNudiimmTr2CPm1wNgExBMUuH0e3WacKZgtQ=="
        }
    }
}
